PODS:
  - BottomSheetSwiftUI (2.4.0)
  - Kingfisher (7.1.2)
  - NMapsMap (3.13.0)
  - Socket.IO-Client-Swift (15.2.0):
    - Starscream (~> 3.1)
  - Starscream (3.1.1)

DEPENDENCIES:
  - BottomSheetSwiftUI
  - Kingfisher (~> 7.0)
  - NMapsMap (= 3.13.0)
  - Socket.IO-Client-Swift (~> 15.2.0)

SPEC REPOS:
  trunk:
    - BottomSheetSwiftUI
    - Kingfisher
    - NMapsMap
    - Socket.IO-Client-Swift
    - Starscream

SPEC CHECKSUMS:
  BottomSheetSwiftUI: c176c3022969d6383deaa388dd011199cc50f5bd
  Kingfisher: 44ed6a8504763f27bab46163adfac83f5deb240c
  NMapsMap: 88b5bdac7087bfa99ab058ff5cdd95fb766e0e95
  Socket.IO-Client-Swift: 1e3e3a1f09f3312a167f0d781eb2f383d477357c
  Starscream: 4bb2f9942274833f7b4d296a55504dcfc7edb7b0

PODFILE CHECKSUM: ab80f83f69247793b12fadf5c36727e7855838a9

COCOAPODS: 1.11.2
