// !$*UTF8*$!
{
	archiveVersion = 1;
	classes = {
	};
	objectVersion = 55;
	objects = {

/* Begin PBXBuildFile section */
		536D826427737C5B00C3AAB7 /* HomeView.swift in Sources */ = {isa = PBXBuildFile; fileRef = 536D826327737C5B00C3AAB7 /* HomeView.swift */; };
		537C3FC32771A03A00A2626D /* SimpleDialog.swift in Sources */ = {isa = PBXBuildFile; fileRef = 537C3FC22771A03A00A2626D /* SimpleDialog.swift */; };
		53A34EFF2773993700F48566 /* PreviousLocationRow.swift in Sources */ = {isa = PBXBuildFile; fileRef = 53A34EFE2773993700F48566 /* PreviousLocationRow.swift */; };
		53AB86E52770F617006493D7 /* ThatsItApp.swift in Sources */ = {isa = PBXBuildFile; fileRef = 53AB86E42770F617006493D7 /* ThatsItApp.swift */; };
		53AB86E72770F617006493D7 /* ContentView.swift in Sources */ = {isa = PBXBuildFile; fileRef = 53AB86E62770F617006493D7 /* ContentView.swift */; };
		53AB86E92770F618006493D7 /* Assets.xcassets in Resources */ = {isa = PBXBuildFile; fileRef = 53AB86E82770F618006493D7 /* Assets.xcassets */; };
		53AB86EC2770F618006493D7 /* Preview Assets.xcassets in Resources */ = {isa = PBXBuildFile; fileRef = 53AB86EB2770F618006493D7 /* Preview Assets.xcassets */; };
		53AB86F62770FC41006493D7 /* LargeButton.swift in Sources */ = {isa = PBXBuildFile; fileRef = 53AB86F52770FC41006493D7 /* LargeButton.swift */; };
		53AB86F82770FDFB006493D7 /* LoginView.swift in Sources */ = {isa = PBXBuildFile; fileRef = 53AB86F72770FDFB006493D7 /* LoginView.swift */; };
		53C00A8527749B7100C51065 /* SelectFriendView.swift in Sources */ = {isa = PBXBuildFile; fileRef = 53C00A8427749B7100C51065 /* SelectFriendView.swift */; };
		53C00A872774ACEE00C51065 /* SelectFilterView.swift in Sources */ = {isa = PBXBuildFile; fileRef = 53C00A862774ACEE00C51065 /* SelectFilterView.swift */; };
		53C00A8B2774D3DD00C51065 /* SelectedFilters+Enum.swift in Sources */ = {isa = PBXBuildFile; fileRef = 53C00A8A2774D3DD00C51065 /* SelectedFilters+Enum.swift */; };
/* End PBXBuildFile section */

/* Begin PBXFileReference section */
		536D826327737C5B00C3AAB7 /* HomeView.swift */ = {isa = PBXFileReference; lastKnownFileType = sourcecode.swift; path = HomeView.swift; sourceTree = "<group>"; };
		537C3FC22771A03A00A2626D /* SimpleDialog.swift */ = {isa = PBXFileReference; lastKnownFileType = sourcecode.swift; path = SimpleDialog.swift; sourceTree = "<group>"; };
		53A34EFE2773993700F48566 /* PreviousLocationRow.swift */ = {isa = PBXFileReference; lastKnownFileType = sourcecode.swift; path = PreviousLocationRow.swift; sourceTree = "<group>"; };
		53AB86E12770F617006493D7 /* ThatsIt.app */ = {isa = PBXFileReference; explicitFileType = wrapper.application; includeInIndex = 0; path = ThatsIt.app; sourceTree = BUILT_PRODUCTS_DIR; };
		53AB86E42770F617006493D7 /* ThatsItApp.swift */ = {isa = PBXFileReference; lastKnownFileType = sourcecode.swift; path = ThatsItApp.swift; sourceTree = "<group>"; };
		53AB86E62770F617006493D7 /* ContentView.swift */ = {isa = PBXFileReference; lastKnownFileType = sourcecode.swift; path = ContentView.swift; sourceTree = "<group>"; };
		53AB86E82770F618006493D7 /* Assets.xcassets */ = {isa = PBXFileReference; lastKnownFileType = folder.assetcatalog; path = Assets.xcassets; sourceTree = "<group>"; };
		53AB86EB2770F618006493D7 /* Preview Assets.xcassets */ = {isa = PBXFileReference; lastKnownFileType = folder.assetcatalog; path = "Preview Assets.xcassets"; sourceTree = "<group>"; };
		53AB86F52770FC41006493D7 /* LargeButton.swift */ = {isa = PBXFileReference; lastKnownFileType = sourcecode.swift; path = LargeButton.swift; sourceTree = "<group>"; };
		53AB86F72770FDFB006493D7 /* LoginView.swift */ = {isa = PBXFileReference; lastKnownFileType = sourcecode.swift; path = LoginView.swift; sourceTree = "<group>"; };
		53C00A8427749B7100C51065 /* SelectFriendView.swift */ = {isa = PBXFileReference; lastKnownFileType = sourcecode.swift; path = SelectFriendView.swift; sourceTree = "<group>"; };
		53C00A862774ACEE00C51065 /* SelectFilterView.swift */ = {isa = PBXFileReference; lastKnownFileType = sourcecode.swift; path = SelectFilterView.swift; sourceTree = "<group>"; };
		53C00A8A2774D3DD00C51065 /* SelectedFilters+Enum.swift */ = {isa = PBXFileReference; lastKnownFileType = sourcecode.swift; path = "SelectedFilters+Enum.swift"; sourceTree = "<group>"; };
/* End PBXFileReference section */

/* Begin PBXFrameworksBuildPhase section */
		53AB86DE2770F617006493D7 /* Frameworks */ = {
			isa = PBXFrameworksBuildPhase;
			buildActionMask = 2147483647;
			files = (
			);
			runOnlyForDeploymentPostprocessing = 0;
		};
/* End PBXFrameworksBuildPhase section */

/* Begin PBXGroup section */
		536D826227737C4600C3AAB7 /* Home */ = {
			isa = PBXGroup;
			children = (
				536D826327737C5B00C3AAB7 /* HomeView.swift */,
				53A34EFE2773993700F48566 /* PreviousLocationRow.swift */,
				53C00A8427749B7100C51065 /* SelectFriendView.swift */,
				53C00A862774ACEE00C51065 /* SelectFilterView.swift */,
			);
			path = Home;
			sourceTree = "<group>";
		};
		537C3FC427736B0C00A2626D /* Dialog */ = {
			isa = PBXGroup;
			children = (
				537C3FC22771A03A00A2626D /* SimpleDialog.swift */,
			);
			path = Dialog;
			sourceTree = "<group>";
		};
		53AB86D82770F617006493D7 = {
			isa = PBXGroup;
			children = (
				53AB86E32770F617006493D7 /* ThatsIt */,
				53AB86E22770F617006493D7 /* Products */,
			);
			sourceTree = "<group>";
		};
		53AB86E22770F617006493D7 /* Products */ = {
			isa = PBXGroup;
			children = (
				53AB86E12770F617006493D7 /* ThatsIt.app */,
			);
			name = Products;
			sourceTree = "<group>";
		};
		53AB86E32770F617006493D7 /* ThatsIt */ = {
			isa = PBXGroup;
			children = (
				53AB86E42770F617006493D7 /* ThatsItApp.swift */,
				53C00A882774D38A00C51065 /* Model */,
				53AB86F22770FC17006493D7 /* View */,
				53AB86E82770F618006493D7 /* Assets.xcassets */,
				53AB86EA2770F618006493D7 /* Preview Content */,
			);
			path = ThatsIt;
			sourceTree = "<group>";
		};
		53AB86EA2770F618006493D7 /* Preview Content */ = {
			isa = PBXGroup;
			children = (
				53AB86EB2770F618006493D7 /* Preview Assets.xcassets */,
			);
			path = "Preview Content";
			sourceTree = "<group>";
		};
		53AB86F22770FC17006493D7 /* View */ = {
			isa = PBXGroup;
			children = (
				53AB86E62770F617006493D7 /* ContentView.swift */,
				53AB86F42770FC28006493D7 /* Component */,
				536D826227737C4600C3AAB7 /* Home */,
				53AB86F32770FC1F006493D7 /* Login */,
			);
			path = View;
			sourceTree = "<group>";
		};
		53AB86F32770FC1F006493D7 /* Login */ = {
			isa = PBXGroup;
			children = (
				53AB86F72770FDFB006493D7 /* LoginView.swift */,
			);
			path = Login;
			sourceTree = "<group>";
		};
		53AB86F42770FC28006493D7 /* Component */ = {
			isa = PBXGroup;
			children = (
				537C3FC427736B0C00A2626D /* Dialog */,
				53AB86F52770FC41006493D7 /* LargeButton.swift */,
			);
			path = Component;
			sourceTree = "<group>";
		};
		53C00A882774D38A00C51065 /* Model */ = {
			isa = PBXGroup;
			children = (
				53C00A892774D3AD00C51065 /* Home */,
			);
			path = Model;
			sourceTree = "<group>";
		};
		53C00A892774D3AD00C51065 /* Home */ = {
			isa = PBXGroup;
			children = (
				53C00A8A2774D3DD00C51065 /* SelectedFilters+Enum.swift */,
			);
			path = Home;
			sourceTree = "<group>";
		};
/* End PBXGroup section */

/* Begin PBXNativeTarget section */
		53AB86E02770F617006493D7 /* ThatsIt */ = {
			isa = PBXNativeTarget;
			buildConfigurationList = 53AB86EF2770F618006493D7 /* Build configuration list for PBXNativeTarget "ThatsIt" */;
			buildPhases = (
				53AB86DD2770F617006493D7 /* Sources */,
				53AB86DE2770F617006493D7 /* Frameworks */,
				53AB86DF2770F617006493D7 /* Resources */,
			);
			buildRules = (
			);
			dependencies = (
			);
			name = ThatsIt;
			productName = ThatsIt;
			productReference = 53AB86E12770F617006493D7 /* ThatsIt.app */;
			productType = "com.apple.product-type.application";
		};
/* End PBXNativeTarget section */

/* Begin PBXProject section */
		53AB86D92770F617006493D7 /* Project object */ = {
			isa = PBXProject;
			attributes = {
				BuildIndependentTargetsInParallel = 1;
				LastSwiftUpdateCheck = 1310;
				LastUpgradeCheck = 1310;
				TargetAttributes = {
					53AB86E02770F617006493D7 = {
						CreatedOnToolsVersion = 13.1;
					};
				};
			};
			buildConfigurationList = 53AB86DC2770F617006493D7 /* Build configuration list for PBXProject "ThatsIt" */;
			compatibilityVersion = "Xcode 13.0";
			developmentRegion = en;
			hasScannedForEncodings = 0;
			knownRegions = (
				en,
				Base,
			);
			mainGroup = 53AB86D82770F617006493D7;
			productRefGroup = 53AB86E22770F617006493D7 /* Products */;
			projectDirPath = "";
			projectRoot = "";
			targets = (
				53AB86E02770F617006493D7 /* ThatsIt */,
			);
		};
/* End PBXProject section */

/* Begin PBXResourcesBuildPhase section */
		53AB86DF2770F617006493D7 /* Resources */ = {
			isa = PBXResourcesBuildPhase;
			buildActionMask = 2147483647;
			files = (
				53AB86EC2770F618006493D7 /* Preview Assets.xcassets in Resources */,
				53AB86E92770F618006493D7 /* Assets.xcassets in Resources */,
			);
			runOnlyForDeploymentPostprocessing = 0;
		};
/* End PBXResourcesBuildPhase section */

/* Begin PBXSourcesBuildPhase section */
		53AB86DD2770F617006493D7 /* Sources */ = {
			isa = PBXSourcesBuildPhase;
			buildActionMask = 2147483647;
			files = (
				53AB86E72770F617006493D7 /* ContentView.swift in Sources */,
				53C00A8B2774D3DD00C51065 /* SelectedFilters+Enum.swift in Sources */,
				53AB86E52770F617006493D7 /* ThatsItApp.swift in Sources */,
				53AB86F82770FDFB006493D7 /* LoginView.swift in Sources */,
				53C00A872774ACEE00C51065 /* SelectFilterView.swift in Sources */,
				536D826427737C5B00C3AAB7 /* HomeView.swift in Sources */,
				53C00A8527749B7100C51065 /* SelectFriendView.swift in Sources */,
				53A34EFF2773993700F48566 /* PreviousLocationRow.swift in Sources */,
				53AB86F62770FC41006493D7 /* LargeButton.swift in Sources */,
				537C3FC32771A03A00A2626D /* SimpleDialog.swift in Sources */,
			);
			runOnlyForDeploymentPostprocessing = 0;
		};
/* End PBXSourcesBuildPhase section */

/* Begin XCBuildConfiguration section */
		53AB86ED2770F618006493D7 /* Debug */ = {
			isa = XCBuildConfiguration;
			buildSettings = {
				ALWAYS_SEARCH_USER_PATHS = NO;
				CLANG_ANALYZER_NONNULL = YES;
				CLANG_ANALYZER_NUMBER_OBJECT_CONVERSION = YES_AGGRESSIVE;
				CLANG_CXX_LANGUAGE_STANDARD = "gnu++17";
				CLANG_CXX_LIBRARY = "libc++";
				CLANG_ENABLE_MODULES = YES;
				CLANG_ENABLE_OBJC_ARC = YES;
				CLANG_ENABLE_OBJC_WEAK = YES;
				CLANG_WARN_BLOCK_CAPTURE_AUTORELEASING = YES;
				CLANG_WARN_BOOL_CONVERSION = YES;
				CLANG_WARN_COMMA = YES;
				CLANG_WARN_CONSTANT_CONVERSION = YES;
				CLANG_WARN_DEPRECATED_OBJC_IMPLEMENTATIONS = YES;
				CLANG_WARN_DIRECT_OBJC_ISA_USAGE = YES_ERROR;
				CLANG_WARN_DOCUMENTATION_COMMENTS = YES;
				CLANG_WARN_EMPTY_BODY = YES;
				CLANG_WARN_ENUM_CONVERSION = YES;
				CLANG_WARN_INFINITE_RECURSION = YES;
				CLANG_WARN_INT_CONVERSION = YES;
				CLANG_WARN_NON_LITERAL_NULL_CONVERSION = YES;
				CLANG_WARN_OBJC_IMPLICIT_RETAIN_SELF = YES;
				CLANG_WARN_OBJC_LITERAL_CONVERSION = YES;
				CLANG_WARN_OBJC_ROOT_CLASS = YES_ERROR;
				CLANG_WARN_QUOTED_INCLUDE_IN_FRAMEWORK_HEADER = YES;
				CLANG_WARN_RANGE_LOOP_ANALYSIS = YES;
				CLANG_WARN_STRICT_PROTOTYPES = YES;
				CLANG_WARN_SUSPICIOUS_MOVE = YES;
				CLANG_WARN_UNGUARDED_AVAILABILITY = YES_AGGRESSIVE;
				CLANG_WARN_UNREACHABLE_CODE = YES;
				CLANG_WARN__DUPLICATE_METHOD_MATCH = YES;
				COPY_PHASE_STRIP = NO;
				DEBUG_INFORMATION_FORMAT = dwarf;
				ENABLE_STRICT_OBJC_MSGSEND = YES;
				ENABLE_TESTABILITY = YES;
				GCC_C_LANGUAGE_STANDARD = gnu11;
				GCC_DYNAMIC_NO_PIC = NO;
				GCC_NO_COMMON_BLOCKS = YES;
				GCC_OPTIMIZATION_LEVEL = 0;
				GCC_PREPROCESSOR_DEFINITIONS = (
					"DEBUG=1",
					"$(inherited)",
				);
				GCC_WARN_64_TO_32_BIT_CONVERSION = YES;
				GCC_WARN_ABOUT_RETURN_TYPE = YES_ERROR;
				GCC_WARN_UNDECLARED_SELECTOR = YES;
				GCC_WARN_UNINITIALIZED_AUTOS = YES_AGGRESSIVE;
				GCC_WARN_UNUSED_FUNCTION = YES;
				GCC_WARN_UNUSED_VARIABLE = YES;
				IPHONEOS_DEPLOYMENT_TARGET = 15.0;
				MTL_ENABLE_DEBUG_INFO = INCLUDE_SOURCE;
				MTL_FAST_MATH = YES;
				ONLY_ACTIVE_ARCH = YES;
				SDKROOT = iphoneos;
				SWIFT_ACTIVE_COMPILATION_CONDITIONS = DEBUG;
				SWIFT_OPTIMIZATION_LEVEL = "-Onone";
			};
			name = Debug;
		};
		53AB86EE2770F618006493D7 /* Release */ = {
			isa = XCBuildConfiguration;
			buildSettings = {
				ALWAYS_SEARCH_USER_PATHS = NO;
				CLANG_ANALYZER_NONNULL = YES;
				CLANG_ANALYZER_NUMBER_OBJECT_CONVERSION = YES_AGGRESSIVE;
				CLANG_CXX_LANGUAGE_STANDARD = "gnu++17";
				CLANG_CXX_LIBRARY = "libc++";
				CLANG_ENABLE_MODULES = YES;
				CLANG_ENABLE_OBJC_ARC = YES;
				CLANG_ENABLE_OBJC_WEAK = YES;
				CLANG_WARN_BLOCK_CAPTURE_AUTORELEASING = YES;
				CLANG_WARN_BOOL_CONVERSION = YES;
				CLANG_WARN_COMMA = YES;
				CLANG_WARN_CONSTANT_CONVERSION = YES;
				CLANG_WARN_DEPRECATED_OBJC_IMPLEMENTATIONS = YES;
				CLANG_WARN_DIRECT_OBJC_ISA_USAGE = YES_ERROR;
				CLANG_WARN_DOCUMENTATION_COMMENTS = YES;
				CLANG_WARN_EMPTY_BODY = YES;
				CLANG_WARN_ENUM_CONVERSION = YES;
				CLANG_WARN_INFINITE_RECURSION = YES;
				CLANG_WARN_INT_CONVERSION = YES;
				CLANG_WARN_NON_LITERAL_NULL_CONVERSION = YES;
				CLANG_WARN_OBJC_IMPLICIT_RETAIN_SELF = YES;
				CLANG_WARN_OBJC_LITERAL_CONVERSION = YES;
				CLANG_WARN_OBJC_ROOT_CLASS = YES_ERROR;
				CLANG_WARN_QUOTED_INCLUDE_IN_FRAMEWORK_HEADER = YES;
				CLANG_WARN_RANGE_LOOP_ANALYSIS = YES;
				CLANG_WARN_STRICT_PROTOTYPES = YES;
				CLANG_WARN_SUSPICIOUS_MOVE = YES;
				CLANG_WARN_UNGUARDED_AVAILABILITY = YES_AGGRESSIVE;
				CLANG_WARN_UNREACHABLE_CODE = YES;
				CLANG_WARN__DUPLICATE_METHOD_MATCH = YES;
				COPY_PHASE_STRIP = NO;
				DEBUG_INFORMATION_FORMAT = "dwarf-with-dsym";
				ENABLE_NS_ASSERTIONS = NO;
				ENABLE_STRICT_OBJC_MSGSEND = YES;
				GCC_C_LANGUAGE_STANDARD = gnu11;
				GCC_NO_COMMON_BLOCKS = YES;
				GCC_WARN_64_TO_32_BIT_CONVERSION = YES;
				GCC_WARN_ABOUT_RETURN_TYPE = YES_ERROR;
				GCC_WARN_UNDECLARED_SELECTOR = YES;
				GCC_WARN_UNINITIALIZED_AUTOS = YES_AGGRESSIVE;
				GCC_WARN_UNUSED_FUNCTION = YES;
				GCC_WARN_UNUSED_VARIABLE = YES;
				IPHONEOS_DEPLOYMENT_TARGET = 15.0;
				MTL_ENABLE_DEBUG_INFO = NO;
				MTL_FAST_MATH = YES;
				SDKROOT = iphoneos;
				SWIFT_COMPILATION_MODE = wholemodule;
				SWIFT_OPTIMIZATION_LEVEL = "-O";
				VALIDATE_PRODUCT = YES;
			};
			name = Release;
		};
		53AB86F02770F618006493D7 /* Debug */ = {
			isa = XCBuildConfiguration;
			buildSettings = {
				ASSETCATALOG_COMPILER_APPICON_NAME = AppIcon;
				ASSETCATALOG_COMPILER_GLOBAL_ACCENT_COLOR_NAME = AccentColor;
				CODE_SIGN_STYLE = Automatic;
				CURRENT_PROJECT_VERSION = 1;
				DEVELOPMENT_ASSET_PATHS = "\"ThatsIt/Preview Content\"";
				DEVELOPMENT_TEAM = 273WM862CP;
				ENABLE_PREVIEWS = YES;
				GENERATE_INFOPLIST_FILE = YES;
				INFOPLIST_KEY_UIApplicationSceneManifest_Generation = YES;
				INFOPLIST_KEY_UIApplicationSupportsIndirectInputEvents = YES;
				INFOPLIST_KEY_UILaunchScreen_Generation = YES;
				INFOPLIST_KEY_UISupportedInterfaceOrientations_iPad = "UIInterfaceOrientationPortrait UIInterfaceOrientationPortraitUpsideDown UIInterfaceOrientationLandscapeLeft UIInterfaceOrientationLandscapeRight";
				INFOPLIST_KEY_UISupportedInterfaceOrientations_iPhone = "UIInterfaceOrientationPortrait UIInterfaceOrientationLandscapeLeft UIInterfaceOrientationLandscapeRight";
				LD_RUNPATH_SEARCH_PATHS = (
					"$(inherited)",
					"@executable_path/Frameworks",
				);
				MARKETING_VERSION = 1.0;
				PRODUCT_BUNDLE_IDENTIFIER = kr.koohyongmo.ThatsIt;
				PRODUCT_NAME = "$(TARGET_NAME)";
				SWIFT_EMIT_LOC_STRINGS = YES;
				SWIFT_VERSION = 5.0;
				TARGETED_DEVICE_FAMILY = "1,2";
			};
			name = Debug;
		};
		53AB86F12770F618006493D7 /* Release */ = {
			isa = XCBuildConfiguration;
			buildSettings = {
				ASSETCATALOG_COMPILER_APPICON_NAME = AppIcon;
				ASSETCATALOG_COMPILER_GLOBAL_ACCENT_COLOR_NAME = AccentColor;
				CODE_SIGN_STYLE = Automatic;
				CURRENT_PROJECT_VERSION = 1;
				DEVELOPMENT_ASSET_PATHS = "\"ThatsIt/Preview Content\"";
				DEVELOPMENT_TEAM = 273WM862CP;
				ENABLE_PREVIEWS = YES;
				GENERATE_INFOPLIST_FILE = YES;
				INFOPLIST_KEY_UIApplicationSceneManifest_Generation = YES;
				INFOPLIST_KEY_UIApplicationSupportsIndirectInputEvents = YES;
				INFOPLIST_KEY_UILaunchScreen_Generation = YES;
				INFOPLIST_KEY_UISupportedInterfaceOrientations_iPad = "UIInterfaceOrientationPortrait UIInterfaceOrientationPortraitUpsideDown UIInterfaceOrientationLandscapeLeft UIInterfaceOrientationLandscapeRight";
				INFOPLIST_KEY_UISupportedInterfaceOrientations_iPhone = "UIInterfaceOrientationPortrait UIInterfaceOrientationLandscapeLeft UIInterfaceOrientationLandscapeRight";
				LD_RUNPATH_SEARCH_PATHS = (
					"$(inherited)",
					"@executable_path/Frameworks",
				);
				MARKETING_VERSION = 1.0;
				PRODUCT_BUNDLE_IDENTIFIER = kr.koohyongmo.ThatsIt;
				PRODUCT_NAME = "$(TARGET_NAME)";
				SWIFT_EMIT_LOC_STRINGS = YES;
				SWIFT_VERSION = 5.0;
				TARGETED_DEVICE_FAMILY = "1,2";
			};
			name = Release;
		};
/* End XCBuildConfiguration section */

/* Begin XCConfigurationList section */
		53AB86DC2770F617006493D7 /* Build configuration list for PBXProject "ThatsIt" */ = {
			isa = XCConfigurationList;
			buildConfigurations = (
				53AB86ED2770F618006493D7 /* Debug */,
				53AB86EE2770F618006493D7 /* Release */,
			);
			defaultConfigurationIsVisible = 0;
			defaultConfigurationName = Release;
		};
		53AB86EF2770F618006493D7 /* Build configuration list for PBXNativeTarget "ThatsIt" */ = {
			isa = XCConfigurationList;
			buildConfigurations = (
				53AB86F02770F618006493D7 /* Debug */,
				53AB86F12770F618006493D7 /* Release */,
			);
			defaultConfigurationIsVisible = 0;
			defaultConfigurationName = Release;
		};
/* End XCConfigurationList section */
	};
	rootObject = 53AB86D92770F617006493D7 /* Project object */;
}
