// !$*UTF8*$!
{
	archiveVersion = 1;
	classes = {
	};
	objectVersion = 55;
	objects = {

/* Begin PBXBuildFile section */
		4BF1E4CEBDB29EABBD025B82 /* Pods_SiSo.framework in Frameworks */ = {isa = PBXBuildFile; fileRef = E6E6D3755854493B6C5F2C78 /* Pods_SiSo.framework */; };
		530D55182776F36D00AF1FD1 /* NotoSansKR-Light.otf in Resources */ = {isa = PBXBuildFile; fileRef = 530D55112776F36D00AF1FD1 /* NotoSansKR-Light.otf */; };
		530D55192776F36D00AF1FD1 /* NotoSansKR-Regular.otf in Resources */ = {isa = PBXBuildFile; fileRef = 530D55122776F36D00AF1FD1 /* NotoSansKR-Regular.otf */; };
		530D551A2776F36D00AF1FD1 /* NotoSansKR-Bold.otf in Resources */ = {isa = PBXBuildFile; fileRef = 530D55132776F36D00AF1FD1 /* NotoSansKR-Bold.otf */; };
		530D551B2776F36D00AF1FD1 /* NotoSansKR-DemiLight.otf in Resources */ = {isa = PBXBuildFile; fileRef = 530D55142776F36D00AF1FD1 /* NotoSansKR-DemiLight.otf */; };
		530D551C2776F36D00AF1FD1 /* NotoSansKR-Black.otf in Resources */ = {isa = PBXBuildFile; fileRef = 530D55152776F36D00AF1FD1 /* NotoSansKR-Black.otf */; };
		530D551D2776F36D00AF1FD1 /* NotoSansKR-Medium.otf in Resources */ = {isa = PBXBuildFile; fileRef = 530D55162776F36D00AF1FD1 /* NotoSansKR-Medium.otf */; };
		530D551E2776F36D00AF1FD1 /* NotoSansKR-Thin.otf in Resources */ = {isa = PBXBuildFile; fileRef = 530D55172776F36D00AF1FD1 /* NotoSansKR-Thin.otf */; };
		530D55212776F54C00AF1FD1 /* Fonts+NotoSans.swift in Sources */ = {isa = PBXBuildFile; fileRef = 530D55202776F54C00AF1FD1 /* Fonts+NotoSans.swift */; };
		532D191D27798DFD003C174B /* InviteFriendRow.swift in Sources */ = {isa = PBXBuildFile; fileRef = 532D191C27798DFD003C174B /* InviteFriendRow.swift */; };
		532D191F2779B8BD003C174B /* SelectedFriend.swift in Sources */ = {isa = PBXBuildFile; fileRef = 532D191E2779B8BD003C174B /* SelectedFriend.swift */; };
		53458E7A2781B15B0064740D /* PlaceDetailView.swift in Sources */ = {isa = PBXBuildFile; fileRef = 53458E792781B15B0064740D /* PlaceDetailView.swift */; };
		53458E7C2781B4760064740D /* Place.swift in Sources */ = {isa = PBXBuildFile; fileRef = 53458E7B2781B4760064740D /* Place.swift */; };
		53458E7F2781BE1F0064740D /* PlaceMenuRow.swift in Sources */ = {isa = PBXBuildFile; fileRef = 53458E7E2781BE1F0064740D /* PlaceMenuRow.swift */; };
		53458E812781CCCA0064740D /* SearchPlaceView.swift in Sources */ = {isa = PBXBuildFile; fileRef = 53458E802781CCCA0064740D /* SearchPlaceView.swift */; };
		53458E832781D03A0064740D /* TextField+AutoFocus+UIKit.swift in Sources */ = {isa = PBXBuildFile; fileRef = 53458E822781D03A0064740D /* TextField+AutoFocus+UIKit.swift */; };
		5349B236278417B000A1B5BE /* CardView.swift in Sources */ = {isa = PBXBuildFile; fileRef = 5349B235278417B000A1B5BE /* CardView.swift */; };
		5349B238278417D800A1B5BE /* CardSwipeDirection.swift in Sources */ = {isa = PBXBuildFile; fileRef = 5349B237278417D800A1B5BE /* CardSwipeDirection.swift */; };
		5349B23A2784180100A1B5BE /* CardStackConfiguration.swift in Sources */ = {isa = PBXBuildFile; fileRef = 5349B2392784180100A1B5BE /* CardStackConfiguration.swift */; };
		5349B23C2784182500A1B5BE /* CardStack.swift in Sources */ = {isa = PBXBuildFile; fileRef = 5349B23B2784182500A1B5BE /* CardStack.swift */; };
		5349B23E27843C7600A1B5BE /* PlaceCardView.swift in Sources */ = {isa = PBXBuildFile; fileRef = 5349B23D27843C7600A1B5BE /* PlaceCardView.swift */; };
		5349B2422784463400A1B5BE /* VoteEmojiOverlayView.swift in Sources */ = {isa = PBXBuildFile; fileRef = 5349B2412784463400A1B5BE /* VoteEmojiOverlayView.swift */; };
		534C3E542780A1250046D1B9 /* FilterHeaderView.swift in Sources */ = {isa = PBXBuildFile; fileRef = 534C3E532780A1250046D1B9 /* FilterHeaderView.swift */; };
		535B8AB22785505F003B4F4F /* VoteResultView.swift in Sources */ = {isa = PBXBuildFile; fileRef = 535B8AB12785505F003B4F4F /* VoteResultView.swift */; };
		536D826427737C5B00C3AAB7 /* HomeView.swift in Sources */ = {isa = PBXBuildFile; fileRef = 536D826327737C5B00C3AAB7 /* HomeView.swift */; };
		537C3FC32771A03A00A2626D /* SimpleDialog.swift in Sources */ = {isa = PBXBuildFile; fileRef = 537C3FC22771A03A00A2626D /* SimpleDialog.swift */; };
		53836A41277CA0EB0069AF7D /* NaverMapView.swift in Sources */ = {isa = PBXBuildFile; fileRef = 53836A40277CA0EB0069AF7D /* NaverMapView.swift */; };
		5386365A277A192500B2B3A7 /* PreviewFriendRow.swift in Sources */ = {isa = PBXBuildFile; fileRef = 53863659277A192500B2B3A7 /* PreviewFriendRow.swift */; };
		53876D5A278D290700697647 /* MyPlaceRow.swift in Sources */ = {isa = PBXBuildFile; fileRef = 53876D59278D290700697647 /* MyPlaceRow.swift */; };
		53876D5F278D2B0500697647 /* MyPageView.swift in Sources */ = {isa = PBXBuildFile; fileRef = 53876D5E278D2B0500697647 /* MyPageView.swift */; };
		5392326F2782CD5F00746881 /* VoteView.swift in Sources */ = {isa = PBXBuildFile; fileRef = 5392326E2782CD5F00746881 /* VoteView.swift */; };
		5398E46D2787D9C100E7437B /* SisoSocketManager.swift in Sources */ = {isa = PBXBuildFile; fileRef = 5398E46C2787D9C100E7437B /* SisoSocketManager.swift */; };
		539AE41827887DED008CAC20 /* View+ifCondition.swift in Sources */ = {isa = PBXBuildFile; fileRef = 539AE41727887DED008CAC20 /* View+ifCondition.swift */; };
		539AE41D27888FC0008CAC20 /* URLImage.swift in Sources */ = {isa = PBXBuildFile; fileRef = 539AE41C27888FC0008CAC20 /* URLImage.swift */; };
		539AE4202788905F008CAC20 /* WiggleAnimation.swift in Sources */ = {isa = PBXBuildFile; fileRef = 539AE41F2788905F008CAC20 /* WiggleAnimation.swift */; };
		53A34EFF2773993700F48566 /* PreviousLocationRow.swift in Sources */ = {isa = PBXBuildFile; fileRef = 53A34EFE2773993700F48566 /* PreviousLocationRow.swift */; };
		53AB86E52770F617006493D7 /* SiSoApp.swift in Sources */ = {isa = PBXBuildFile; fileRef = 53AB86E42770F617006493D7 /* SiSoApp.swift */; };
		53AB86E72770F617006493D7 /* ContentView.swift in Sources */ = {isa = PBXBuildFile; fileRef = 53AB86E62770F617006493D7 /* ContentView.swift */; };
		53AB86E92770F618006493D7 /* Assets.xcassets in Resources */ = {isa = PBXBuildFile; fileRef = 53AB86E82770F618006493D7 /* Assets.xcassets */; };
		53AB86EC2770F618006493D7 /* Preview Assets.xcassets in Resources */ = {isa = PBXBuildFile; fileRef = 53AB86EB2770F618006493D7 /* Preview Assets.xcassets */; };
		53AB86F62770FC41006493D7 /* LargeButton.swift in Sources */ = {isa = PBXBuildFile; fileRef = 53AB86F52770FC41006493D7 /* LargeButton.swift */; };
		53AB86F82770FDFB006493D7 /* LoginView.swift in Sources */ = {isa = PBXBuildFile; fileRef = 53AB86F72770FDFB006493D7 /* LoginView.swift */; };
		53C00A8527749B7100C51065 /* VoteSettingView.swift in Sources */ = {isa = PBXBuildFile; fileRef = 53C00A8427749B7100C51065 /* VoteSettingView.swift */; };
		53C00A872774ACEE00C51065 /* SelectFilterView.swift in Sources */ = {isa = PBXBuildFile; fileRef = 53C00A862774ACEE00C51065 /* SelectFilterView.swift */; };
		53C00A8B2774D3DD00C51065 /* SelectedFilters+Enum.swift in Sources */ = {isa = PBXBuildFile; fileRef = 53C00A8A2774D3DD00C51065 /* SelectedFilters+Enum.swift */; };
		53C42965277CC925004C6B1C /* PlaceMapView.swift in Sources */ = {isa = PBXBuildFile; fileRef = 53C42964277CC925004C6B1C /* PlaceMapView.swift */; };
		53C6DDDF2780361200633AED /* ListContentView.swift in Sources */ = {isa = PBXBuildFile; fileRef = 53C6DDDE2780361200633AED /* ListContentView.swift */; };
		53CCDB95278842DC00C335FC /* PreviewFilterView.swift in Sources */ = {isa = PBXBuildFile; fileRef = 53CCDB94278842DC00C335FC /* PreviewFilterView.swift */; };
		53E171C0278BC78000C2D41A /* VisualEffectView.swift in Sources */ = {isa = PBXBuildFile; fileRef = 53E171BF278BC78000C2D41A /* VisualEffectView.swift */; };
		53E171C4278BFC3000C2D41A /* RangeFilterView.swift in Sources */ = {isa = PBXBuildFile; fileRef = 53E171C3278BFC3000C2D41A /* RangeFilterView.swift */; };
		53E171C8278C412F00C2D41A /* RestaurantListView.swift in Sources */ = {isa = PBXBuildFile; fileRef = 53E171C7278C412F00C2D41A /* RestaurantListView.swift */; };
		53E171CA278C454600C2D41A /* RestaurantCardView.swift in Sources */ = {isa = PBXBuildFile; fileRef = 53E171C9278C454600C2D41A /* RestaurantCardView.swift */; };
		53E467AB2777717500554722 /* InviteFriendView.swift in Sources */ = {isa = PBXBuildFile; fileRef = 53E467AA2777717500554722 /* InviteFriendView.swift */; };
		53E467AD27777CDE00554722 /* TextField+ClearButton.swift in Sources */ = {isa = PBXBuildFile; fileRef = 53E467AC27777CDE00554722 /* TextField+ClearButton.swift */; };
/* End PBXBuildFile section */

/* Begin PBXFileReference section */
		2A74DCEE0AB82E6FA016ED93 /* Pods-ThatsIt.debug.xcconfig */ = {isa = PBXFileReference; includeInIndex = 1; lastKnownFileType = text.xcconfig; name = "Pods-ThatsIt.debug.xcconfig"; path = "Target Support Files/Pods-ThatsIt/Pods-ThatsIt.debug.xcconfig"; sourceTree = "<group>"; };
		530D55112776F36D00AF1FD1 /* NotoSansKR-Light.otf */ = {isa = PBXFileReference; lastKnownFileType = file; path = "NotoSansKR-Light.otf"; sourceTree = "<group>"; };
		530D55122776F36D00AF1FD1 /* NotoSansKR-Regular.otf */ = {isa = PBXFileReference; lastKnownFileType = file; path = "NotoSansKR-Regular.otf"; sourceTree = "<group>"; };
		530D55132776F36D00AF1FD1 /* NotoSansKR-Bold.otf */ = {isa = PBXFileReference; lastKnownFileType = file; path = "NotoSansKR-Bold.otf"; sourceTree = "<group>"; };
		530D55142776F36D00AF1FD1 /* NotoSansKR-DemiLight.otf */ = {isa = PBXFileReference; lastKnownFileType = file; path = "NotoSansKR-DemiLight.otf"; sourceTree = "<group>"; };
		530D55152776F36D00AF1FD1 /* NotoSansKR-Black.otf */ = {isa = PBXFileReference; lastKnownFileType = file; path = "NotoSansKR-Black.otf"; sourceTree = "<group>"; };
		530D55162776F36D00AF1FD1 /* NotoSansKR-Medium.otf */ = {isa = PBXFileReference; lastKnownFileType = file; path = "NotoSansKR-Medium.otf"; sourceTree = "<group>"; };
		530D55172776F36D00AF1FD1 /* NotoSansKR-Thin.otf */ = {isa = PBXFileReference; lastKnownFileType = file; path = "NotoSansKR-Thin.otf"; sourceTree = "<group>"; };
		530D551F2776F47900AF1FD1 /* Info.plist */ = {isa = PBXFileReference; lastKnownFileType = text.plist; path = Info.plist; sourceTree = "<group>"; };
		530D55202776F54C00AF1FD1 /* Fonts+NotoSans.swift */ = {isa = PBXFileReference; lastKnownFileType = sourcecode.swift; path = "Fonts+NotoSans.swift"; sourceTree = "<group>"; };
		532D191C27798DFD003C174B /* InviteFriendRow.swift */ = {isa = PBXFileReference; lastKnownFileType = sourcecode.swift; path = InviteFriendRow.swift; sourceTree = "<group>"; };
		532D191E2779B8BD003C174B /* SelectedFriend.swift */ = {isa = PBXFileReference; lastKnownFileType = sourcecode.swift; path = SelectedFriend.swift; sourceTree = "<group>"; };
		53458E792781B15B0064740D /* PlaceDetailView.swift */ = {isa = PBXFileReference; lastKnownFileType = sourcecode.swift; name = PlaceDetailView.swift; path = ../SelectPlace/PlaceDetail/PlaceDetailView.swift; sourceTree = "<group>"; };
		53458E7B2781B4760064740D /* Place.swift */ = {isa = PBXFileReference; lastKnownFileType = sourcecode.swift; path = Place.swift; sourceTree = "<group>"; };
		53458E7E2781BE1F0064740D /* PlaceMenuRow.swift */ = {isa = PBXFileReference; lastKnownFileType = sourcecode.swift; path = PlaceMenuRow.swift; sourceTree = "<group>"; };
		53458E802781CCCA0064740D /* SearchPlaceView.swift */ = {isa = PBXFileReference; lastKnownFileType = sourcecode.swift; path = SearchPlaceView.swift; sourceTree = "<group>"; };
		53458E822781D03A0064740D /* TextField+AutoFocus+UIKit.swift */ = {isa = PBXFileReference; lastKnownFileType = sourcecode.swift; path = "TextField+AutoFocus+UIKit.swift"; sourceTree = "<group>"; };
		5349B235278417B000A1B5BE /* CardView.swift */ = {isa = PBXFileReference; lastKnownFileType = sourcecode.swift; path = CardView.swift; sourceTree = "<group>"; };
		5349B237278417D800A1B5BE /* CardSwipeDirection.swift */ = {isa = PBXFileReference; lastKnownFileType = sourcecode.swift; path = CardSwipeDirection.swift; sourceTree = "<group>"; };
		5349B2392784180100A1B5BE /* CardStackConfiguration.swift */ = {isa = PBXFileReference; lastKnownFileType = sourcecode.swift; path = CardStackConfiguration.swift; sourceTree = "<group>"; };
		5349B23B2784182500A1B5BE /* CardStack.swift */ = {isa = PBXFileReference; lastKnownFileType = sourcecode.swift; path = CardStack.swift; sourceTree = "<group>"; };
		5349B23D27843C7600A1B5BE /* PlaceCardView.swift */ = {isa = PBXFileReference; lastKnownFileType = sourcecode.swift; path = PlaceCardView.swift; sourceTree = "<group>"; };
		5349B2412784463400A1B5BE /* VoteEmojiOverlayView.swift */ = {isa = PBXFileReference; lastKnownFileType = sourcecode.swift; path = VoteEmojiOverlayView.swift; sourceTree = "<group>"; };
		534C3E532780A1250046D1B9 /* FilterHeaderView.swift */ = {isa = PBXFileReference; lastKnownFileType = sourcecode.swift; path = FilterHeaderView.swift; sourceTree = "<group>"; };
		535B8AB12785505F003B4F4F /* VoteResultView.swift */ = {isa = PBXFileReference; lastKnownFileType = sourcecode.swift; path = VoteResultView.swift; sourceTree = "<group>"; };
		536D826327737C5B00C3AAB7 /* HomeView.swift */ = {isa = PBXFileReference; lastKnownFileType = sourcecode.swift; path = HomeView.swift; sourceTree = "<group>"; };
		537C3FC22771A03A00A2626D /* SimpleDialog.swift */ = {isa = PBXFileReference; lastKnownFileType = sourcecode.swift; path = SimpleDialog.swift; sourceTree = "<group>"; };
		53836A40277CA0EB0069AF7D /* NaverMapView.swift */ = {isa = PBXFileReference; lastKnownFileType = sourcecode.swift; path = NaverMapView.swift; sourceTree = "<group>"; };
		53863659277A192500B2B3A7 /* PreviewFriendRow.swift */ = {isa = PBXFileReference; lastKnownFileType = sourcecode.swift; path = PreviewFriendRow.swift; sourceTree = "<group>"; };
		53876D59278D290700697647 /* MyPlaceRow.swift */ = {isa = PBXFileReference; lastKnownFileType = sourcecode.swift; path = MyPlaceRow.swift; sourceTree = "<group>"; };
		53876D5E278D2B0500697647 /* MyPageView.swift */ = {isa = PBXFileReference; lastKnownFileType = sourcecode.swift; path = MyPageView.swift; sourceTree = "<group>"; };
		5392326E2782CD5F00746881 /* VoteView.swift */ = {isa = PBXFileReference; lastKnownFileType = sourcecode.swift; path = VoteView.swift; sourceTree = "<group>"; };
		5398E46C2787D9C100E7437B /* SisoSocketManager.swift */ = {isa = PBXFileReference; lastKnownFileType = sourcecode.swift; path = SisoSocketManager.swift; sourceTree = "<group>"; };
		539AE41727887DED008CAC20 /* View+ifCondition.swift */ = {isa = PBXFileReference; lastKnownFileType = sourcecode.swift; path = "View+ifCondition.swift"; sourceTree = "<group>"; };
		539AE41C27888FC0008CAC20 /* URLImage.swift */ = {isa = PBXFileReference; lastKnownFileType = sourcecode.swift; path = URLImage.swift; sourceTree = "<group>"; };
		539AE41F2788905F008CAC20 /* WiggleAnimation.swift */ = {isa = PBXFileReference; lastKnownFileType = sourcecode.swift; path = WiggleAnimation.swift; sourceTree = "<group>"; };
		53A34EFE2773993700F48566 /* PreviousLocationRow.swift */ = {isa = PBXFileReference; lastKnownFileType = sourcecode.swift; path = PreviousLocationRow.swift; sourceTree = "<group>"; };
		53AB86E12770F617006493D7 /* SiSo.app */ = {isa = PBXFileReference; explicitFileType = wrapper.application; includeInIndex = 0; path = SiSo.app; sourceTree = BUILT_PRODUCTS_DIR; };
		53AB86E42770F617006493D7 /* SiSoApp.swift */ = {isa = PBXFileReference; lastKnownFileType = sourcecode.swift; path = SiSoApp.swift; sourceTree = "<group>"; };
		53AB86E62770F617006493D7 /* ContentView.swift */ = {isa = PBXFileReference; lastKnownFileType = sourcecode.swift; path = ContentView.swift; sourceTree = "<group>"; };
		53AB86E82770F618006493D7 /* Assets.xcassets */ = {isa = PBXFileReference; lastKnownFileType = folder.assetcatalog; path = Assets.xcassets; sourceTree = "<group>"; };
		53AB86EB2770F618006493D7 /* Preview Assets.xcassets */ = {isa = PBXFileReference; lastKnownFileType = folder.assetcatalog; path = "Preview Assets.xcassets"; sourceTree = "<group>"; };
		53AB86F52770FC41006493D7 /* LargeButton.swift */ = {isa = PBXFileReference; lastKnownFileType = sourcecode.swift; path = LargeButton.swift; sourceTree = "<group>"; };
		53AB86F72770FDFB006493D7 /* LoginView.swift */ = {isa = PBXFileReference; lastKnownFileType = sourcecode.swift; path = LoginView.swift; sourceTree = "<group>"; };
		53C00A8427749B7100C51065 /* VoteSettingView.swift */ = {isa = PBXFileReference; lastKnownFileType = sourcecode.swift; path = VoteSettingView.swift; sourceTree = "<group>"; };
		53C00A862774ACEE00C51065 /* SelectFilterView.swift */ = {isa = PBXFileReference; lastKnownFileType = sourcecode.swift; path = SelectFilterView.swift; sourceTree = "<group>"; };
		53C00A8A2774D3DD00C51065 /* SelectedFilters+Enum.swift */ = {isa = PBXFileReference; lastKnownFileType = sourcecode.swift; path = "SelectedFilters+Enum.swift"; sourceTree = "<group>"; };
		53C42964277CC925004C6B1C /* PlaceMapView.swift */ = {isa = PBXFileReference; lastKnownFileType = sourcecode.swift; path = PlaceMapView.swift; sourceTree = "<group>"; };
		53C6DDDE2780361200633AED /* ListContentView.swift */ = {isa = PBXFileReference; lastKnownFileType = sourcecode.swift; path = ListContentView.swift; sourceTree = "<group>"; };
		53CCDB94278842DC00C335FC /* PreviewFilterView.swift */ = {isa = PBXFileReference; lastKnownFileType = sourcecode.swift; path = PreviewFilterView.swift; sourceTree = "<group>"; };
		53E171BF278BC78000C2D41A /* VisualEffectView.swift */ = {isa = PBXFileReference; lastKnownFileType = sourcecode.swift; path = VisualEffectView.swift; sourceTree = "<group>"; };
		53E171C3278BFC3000C2D41A /* RangeFilterView.swift */ = {isa = PBXFileReference; lastKnownFileType = sourcecode.swift; path = RangeFilterView.swift; sourceTree = "<group>"; };
		53E171C7278C412F00C2D41A /* RestaurantListView.swift */ = {isa = PBXFileReference; lastKnownFileType = sourcecode.swift; path = RestaurantListView.swift; sourceTree = "<group>"; };
		53E171C9278C454600C2D41A /* RestaurantCardView.swift */ = {isa = PBXFileReference; lastKnownFileType = sourcecode.swift; path = RestaurantCardView.swift; sourceTree = "<group>"; };
		53E467AA2777717500554722 /* InviteFriendView.swift */ = {isa = PBXFileReference; lastKnownFileType = sourcecode.swift; path = InviteFriendView.swift; sourceTree = "<group>"; };
		53E467AC27777CDE00554722 /* TextField+ClearButton.swift */ = {isa = PBXFileReference; lastKnownFileType = sourcecode.swift; path = "TextField+ClearButton.swift"; sourceTree = "<group>"; };
		5C2B55E4F9039825F46E241A /* Pods-SiSo.release.xcconfig */ = {isa = PBXFileReference; includeInIndex = 1; lastKnownFileType = text.xcconfig; name = "Pods-SiSo.release.xcconfig"; path = "Target Support Files/Pods-SiSo/Pods-SiSo.release.xcconfig"; sourceTree = "<group>"; };
		69E68C93467D851E88731A46 /* Pods-SiSo.debug.xcconfig */ = {isa = PBXFileReference; includeInIndex = 1; lastKnownFileType = text.xcconfig; name = "Pods-SiSo.debug.xcconfig"; path = "Target Support Files/Pods-SiSo/Pods-SiSo.debug.xcconfig"; sourceTree = "<group>"; };
		B0709300817A7AE56DE29C4D /* Pods-ThatsIt.release.xcconfig */ = {isa = PBXFileReference; includeInIndex = 1; lastKnownFileType = text.xcconfig; name = "Pods-ThatsIt.release.xcconfig"; path = "Target Support Files/Pods-ThatsIt/Pods-ThatsIt.release.xcconfig"; sourceTree = "<group>"; };
		E6E6D3755854493B6C5F2C78 /* Pods_SiSo.framework */ = {isa = PBXFileReference; explicitFileType = wrapper.framework; includeInIndex = 0; path = Pods_SiSo.framework; sourceTree = BUILT_PRODUCTS_DIR; };
/* End PBXFileReference section */

/* Begin PBXFrameworksBuildPhase section */
		53AB86DE2770F617006493D7 /* Frameworks */ = {
			isa = PBXFrameworksBuildPhase;
			buildActionMask = 2147483647;
			files = (
				4BF1E4CEBDB29EABBD025B82 /* Pods_SiSo.framework in Frameworks */,
			);
			runOnlyForDeploymentPostprocessing = 0;
		};
/* End PBXFrameworksBuildPhase section */

/* Begin PBXGroup section */
		530D55102776F35400AF1FD1 /* Fonts */ = {
			isa = PBXGroup;
			children = (
				530D55152776F36D00AF1FD1 /* NotoSansKR-Black.otf */,
				530D55132776F36D00AF1FD1 /* NotoSansKR-Bold.otf */,
				530D55142776F36D00AF1FD1 /* NotoSansKR-DemiLight.otf */,
				530D55112776F36D00AF1FD1 /* NotoSansKR-Light.otf */,
				530D55162776F36D00AF1FD1 /* NotoSansKR-Medium.otf */,
				530D55122776F36D00AF1FD1 /* NotoSansKR-Regular.otf */,
				530D55172776F36D00AF1FD1 /* NotoSansKR-Thin.otf */,
				530D55202776F54C00AF1FD1 /* Fonts+NotoSans.swift */,
			);
			path = Fonts;
			sourceTree = "<group>";
		};
		53458E7D2781BE040064740D /* PlaceDetail */ = {
			isa = PBXGroup;
			children = (
				53458E7E2781BE1F0064740D /* PlaceMenuRow.swift */,
			);
			path = PlaceDetail;
			sourceTree = "<group>";
		};
		5349B2342784179D00A1B5BE /* SwipeCardView */ = {
			isa = PBXGroup;
			children = (
				5349B235278417B000A1B5BE /* CardView.swift */,
				5349B237278417D800A1B5BE /* CardSwipeDirection.swift */,
				5349B2392784180100A1B5BE /* CardStackConfiguration.swift */,
				5349B23B2784182500A1B5BE /* CardStack.swift */,
			);
			path = SwipeCardView;
			sourceTree = "<group>";
		};
		535B8AB027855028003B4F4F /* VoteResult */ = {
			isa = PBXGroup;
			children = (
				535B8AB12785505F003B4F4F /* VoteResultView.swift */,
			);
			path = VoteResult;
			sourceTree = "<group>";
		};
		535BF9A72780A0BC00DD7424 /* BottomSheet */ = {
			isa = PBXGroup;
			children = (
				534C3E532780A1250046D1B9 /* FilterHeaderView.swift */,
				53C6DDDE2780361200633AED /* ListContentView.swift */,
				53876D59278D290700697647 /* MyPlaceRow.swift */,
			);
			path = BottomSheet;
			sourceTree = "<group>";
		};
		536D826227737C4600C3AAB7 /* Home */ = {
			isa = PBXGroup;
			children = (
				536D826327737C5B00C3AAB7 /* HomeView.swift */,
				53A34EFE2773993700F48566 /* PreviousLocationRow.swift */,
				53E171C6278C410700C2D41A /* Restaurant */,
				53A1BE26277CCD7A003D9BB9 /* VoteSetting */,
				53C42963277CC89B004C6B1C /* SelectPlace */,
				5392326D2782CD2F00746881 /* Vote */,
				535B8AB027855028003B4F4F /* VoteResult */,
			);
			path = Home;
			sourceTree = "<group>";
		};
		537C3FC427736B0C00A2626D /* Dialog */ = {
			isa = PBXGroup;
			children = (
				537C3FC22771A03A00A2626D /* SimpleDialog.swift */,
			);
			path = Dialog;
			sourceTree = "<group>";
		};
		53836A3F277CA0E00069AF7D /* Map */ = {
			isa = PBXGroup;
			children = (
				53836A40277CA0EB0069AF7D /* NaverMapView.swift */,
			);
			path = Map;
			sourceTree = "<group>";
		};
		53876D5B278D2AD600697647 /* MyPage */ = {
			isa = PBXGroup;
			children = (
				53876D5E278D2B0500697647 /* MyPageView.swift */,
			);
			path = MyPage;
			sourceTree = "<group>";
		};
		5392326D2782CD2F00746881 /* Vote */ = {
			isa = PBXGroup;
			children = (
				5392326E2782CD5F00746881 /* VoteView.swift */,
				5349B23D27843C7600A1B5BE /* PlaceCardView.swift */,
				53458E792781B15B0064740D /* PlaceDetailView.swift */,
				5349B2412784463400A1B5BE /* VoteEmojiOverlayView.swift */,
			);
			path = Vote;
			sourceTree = "<group>";
		};
		5398E46B2787D9AC00E7437B /* Modules */ = {
			isa = PBXGroup;
			children = (
				5398E46E2787E58A00E7437B /* Socket */,
			);
			path = Modules;
			sourceTree = "<group>";
		};
		5398E46E2787E58A00E7437B /* Socket */ = {
			isa = PBXGroup;
			children = (
				5398E46C2787D9C100E7437B /* SisoSocketManager.swift */,
			);
			path = Socket;
			sourceTree = "<group>";
		};
		539AE41E27889049008CAC20 /* Animation */ = {
			isa = PBXGroup;
			children = (
				539AE41F2788905F008CAC20 /* WiggleAnimation.swift */,
			);
			path = Animation;
			sourceTree = "<group>";
		};
		53A1BE26277CCD7A003D9BB9 /* VoteSetting */ = {
			isa = PBXGroup;
			children = (
				53B71863278AB79F0047A42D /* InviteFriend */,
				53E171C5278C046B00C2D41A /* Filter */,
				53C00A8427749B7100C51065 /* VoteSettingView.swift */,
				53C00A862774ACEE00C51065 /* SelectFilterView.swift */,
				53863659277A192500B2B3A7 /* PreviewFriendRow.swift */,
				53CCDB94278842DC00C335FC /* PreviewFilterView.swift */,
			);
			path = VoteSetting;
			sourceTree = "<group>";
		};
		53AB86D82770F617006493D7 = {
			isa = PBXGroup;
			children = (
				53AB86E32770F617006493D7 /* SiSo */,
				53AB86E22770F617006493D7 /* Products */,
				642210109F7DDC825E0E7E0E /* Pods */,
				680386A38C16305B4D2FAEAE /* Frameworks */,
			);
			sourceTree = "<group>";
		};
		53AB86E22770F617006493D7 /* Products */ = {
			isa = PBXGroup;
			children = (
				53AB86E12770F617006493D7 /* SiSo.app */,
			);
			name = Products;
			sourceTree = "<group>";
		};
		53AB86E32770F617006493D7 /* SiSo */ = {
			isa = PBXGroup;
			children = (
				530D551F2776F47900AF1FD1 /* Info.plist */,
				53AB86E42770F617006493D7 /* SiSoApp.swift */,
				5398E46B2787D9AC00E7437B /* Modules */,
				53C00A882774D38A00C51065 /* Model */,
				53AB86F22770FC17006493D7 /* View */,
				53AB86E82770F618006493D7 /* Assets.xcassets */,
				530D55102776F35400AF1FD1 /* Fonts */,
				53AB86EA2770F618006493D7 /* Preview Content */,
			);
			path = SiSo;
			sourceTree = "<group>";
		};
		53AB86EA2770F618006493D7 /* Preview Content */ = {
			isa = PBXGroup;
			children = (
				53AB86EB2770F618006493D7 /* Preview Assets.xcassets */,
			);
			path = "Preview Content";
			sourceTree = "<group>";
		};
		53AB86F22770FC17006493D7 /* View */ = {
			isa = PBXGroup;
			children = (
				53AB86E62770F617006493D7 /* ContentView.swift */,
				53AB86F42770FC28006493D7 /* Component */,
				536D826227737C4600C3AAB7 /* Home */,
				53876D5B278D2AD600697647 /* MyPage */,
				53AB86F32770FC1F006493D7 /* Login */,
			);
			path = View;
			sourceTree = "<group>";
		};
		53AB86F32770FC1F006493D7 /* Login */ = {
			isa = PBXGroup;
			children = (
				53AB86F72770FDFB006493D7 /* LoginView.swift */,
			);
			path = Login;
			sourceTree = "<group>";
		};
		53AB86F42770FC28006493D7 /* Component */ = {
			isa = PBXGroup;
			children = (
				539AE41E27889049008CAC20 /* Animation */,
				5349B2342784179D00A1B5BE /* SwipeCardView */,
				53836A3F277CA0E00069AF7D /* Map */,
				537C3FC427736B0C00A2626D /* Dialog */,
				539AE41727887DED008CAC20 /* View+ifCondition.swift */,
				53AB86F52770FC41006493D7 /* LargeButton.swift */,
				53E467AC27777CDE00554722 /* TextField+ClearButton.swift */,
				53458E822781D03A0064740D /* TextField+AutoFocus+UIKit.swift */,
				539AE41C27888FC0008CAC20 /* URLImage.swift */,
				53E171BF278BC78000C2D41A /* VisualEffectView.swift */,
			);
			path = Component;
			sourceTree = "<group>";
		};
		53B71863278AB79F0047A42D /* InviteFriend */ = {
			isa = PBXGroup;
			children = (
				53E467AA2777717500554722 /* InviteFriendView.swift */,
				532D191C27798DFD003C174B /* InviteFriendRow.swift */,
			);
			path = InviteFriend;
			sourceTree = "<group>";
		};
		53C00A882774D38A00C51065 /* Model */ = {
			isa = PBXGroup;
			children = (
				53C00A892774D3AD00C51065 /* Home */,
			);
			path = Model;
			sourceTree = "<group>";
		};
		53C00A892774D3AD00C51065 /* Home */ = {
			isa = PBXGroup;
			children = (
				53C00A8A2774D3DD00C51065 /* SelectedFilters+Enum.swift */,
				532D191E2779B8BD003C174B /* SelectedFriend.swift */,
				53458E7B2781B4760064740D /* Place.swift */,
			);
			path = Home;
			sourceTree = "<group>";
		};
		53C42963277CC89B004C6B1C /* SelectPlace */ = {
			isa = PBXGroup;
			children = (
				53458E7D2781BE040064740D /* PlaceDetail */,
				535BF9A72780A0BC00DD7424 /* BottomSheet */,
				53C42964277CC925004C6B1C /* PlaceMapView.swift */,
				53458E802781CCCA0064740D /* SearchPlaceView.swift */,
			);
			path = SelectPlace;
			sourceTree = "<group>";
		};
		53E171C5278C046B00C2D41A /* Filter */ = {
			isa = PBXGroup;
			children = (
				53E171C3278BFC3000C2D41A /* RangeFilterView.swift */,
			);
			path = Filter;
			sourceTree = "<group>";
		};
		53E171C6278C410700C2D41A /* Restaurant */ = {
			isa = PBXGroup;
			children = (
				53E171C7278C412F00C2D41A /* RestaurantListView.swift */,
				53E171C9278C454600C2D41A /* RestaurantCardView.swift */,
			);
			path = Restaurant;
			sourceTree = "<group>";
		};
		642210109F7DDC825E0E7E0E /* Pods */ = {
			isa = PBXGroup;
			children = (
				2A74DCEE0AB82E6FA016ED93 /* Pods-ThatsIt.debug.xcconfig */,
				B0709300817A7AE56DE29C4D /* Pods-ThatsIt.release.xcconfig */,
				69E68C93467D851E88731A46 /* Pods-SiSo.debug.xcconfig */,
				5C2B55E4F9039825F46E241A /* Pods-SiSo.release.xcconfig */,
			);
			path = Pods;
			sourceTree = "<group>";
		};
		680386A38C16305B4D2FAEAE /* Frameworks */ = {
			isa = PBXGroup;
			children = (
				E6E6D3755854493B6C5F2C78 /* Pods_SiSo.framework */,
			);
			name = Frameworks;
			sourceTree = "<group>";
		};
/* End PBXGroup section */

/* Begin PBXNativeTarget section */
		53AB86E02770F617006493D7 /* SiSo */ = {
			isa = PBXNativeTarget;
			buildConfigurationList = 53AB86EF2770F618006493D7 /* Build configuration list for PBXNativeTarget "SiSo" */;
			buildPhases = (
				5E7D7B8B11D997A546AB4337 /* [CP] Check Pods Manifest.lock */,
				53AB86DD2770F617006493D7 /* Sources */,
				53AB86DE2770F617006493D7 /* Frameworks */,
				53AB86DF2770F617006493D7 /* Resources */,
				12EEE8C115BEA90942529071 /* [CP] Embed Pods Frameworks */,
			);
			buildRules = (
			);
			dependencies = (
			);
			name = SiSo;
			productName = ThatsIt;
			productReference = 53AB86E12770F617006493D7 /* SiSo.app */;
			productType = "com.apple.product-type.application";
		};
/* End PBXNativeTarget section */

/* Begin PBXProject section */
		53AB86D92770F617006493D7 /* Project object */ = {
			isa = PBXProject;
			attributes = {
				BuildIndependentTargetsInParallel = 1;
				LastSwiftUpdateCheck = 1310;
				LastUpgradeCheck = 1310;
				TargetAttributes = {
					53AB86E02770F617006493D7 = {
						CreatedOnToolsVersion = 13.1;
					};
				};
			};
			buildConfigurationList = 53AB86DC2770F617006493D7 /* Build configuration list for PBXProject "SiSo" */;
			compatibilityVersion = "Xcode 13.0";
			developmentRegion = en;
			hasScannedForEncodings = 0;
			knownRegions = (
				en,
				Base,
			);
			mainGroup = 53AB86D82770F617006493D7;
			productRefGroup = 53AB86E22770F617006493D7 /* Products */;
			projectDirPath = "";
			projectRoot = "";
			targets = (
				53AB86E02770F617006493D7 /* SiSo */,
			);
		};
/* End PBXProject section */

/* Begin PBXResourcesBuildPhase section */
		53AB86DF2770F617006493D7 /* Resources */ = {
			isa = PBXResourcesBuildPhase;
			buildActionMask = 2147483647;
			files = (
				530D55192776F36D00AF1FD1 /* NotoSansKR-Regular.otf in Resources */,
				53AB86EC2770F618006493D7 /* Preview Assets.xcassets in Resources */,
				530D551E2776F36D00AF1FD1 /* NotoSansKR-Thin.otf in Resources */,
				530D55182776F36D00AF1FD1 /* NotoSansKR-Light.otf in Resources */,
				530D551B2776F36D00AF1FD1 /* NotoSansKR-DemiLight.otf in Resources */,
				530D551A2776F36D00AF1FD1 /* NotoSansKR-Bold.otf in Resources */,
				53AB86E92770F618006493D7 /* Assets.xcassets in Resources */,
				530D551D2776F36D00AF1FD1 /* NotoSansKR-Medium.otf in Resources */,
				530D551C2776F36D00AF1FD1 /* NotoSansKR-Black.otf in Resources */,
			);
			runOnlyForDeploymentPostprocessing = 0;
		};
/* End PBXResourcesBuildPhase section */

/* Begin PBXShellScriptBuildPhase section */
		12EEE8C115BEA90942529071 /* [CP] Embed Pods Frameworks */ = {
			isa = PBXShellScriptBuildPhase;
			buildActionMask = 2147483647;
			files = (
			);
			inputFileListPaths = (
				"${PODS_ROOT}/Target Support Files/Pods-SiSo/Pods-SiSo-frameworks-${CONFIGURATION}-input-files.xcfilelist",
			);
			name = "[CP] Embed Pods Frameworks";
			outputFileListPaths = (
				"${PODS_ROOT}/Target Support Files/Pods-SiSo/Pods-SiSo-frameworks-${CONFIGURATION}-output-files.xcfilelist",
			);
			runOnlyForDeploymentPostprocessing = 0;
			shellPath = /bin/sh;
			shellScript = "\"${PODS_ROOT}/Target Support Files/Pods-SiSo/Pods-SiSo-frameworks.sh\"\n";
			showEnvVarsInLog = 0;
		};
		5E7D7B8B11D997A546AB4337 /* [CP] Check Pods Manifest.lock */ = {
			isa = PBXShellScriptBuildPhase;
			buildActionMask = 2147483647;
			files = (
			);
			inputFileListPaths = (
			);
			inputPaths = (
				"${PODS_PODFILE_DIR_PATH}/Podfile.lock",
				"${PODS_ROOT}/Manifest.lock",
			);
			name = "[CP] Check Pods Manifest.lock";
			outputFileListPaths = (
			);
			outputPaths = (
				"$(DERIVED_FILE_DIR)/Pods-SiSo-checkManifestLockResult.txt",
			);
			runOnlyForDeploymentPostprocessing = 0;
			shellPath = /bin/sh;
			shellScript = "diff \"${PODS_PODFILE_DIR_PATH}/Podfile.lock\" \"${PODS_ROOT}/Manifest.lock\" > /dev/null\nif [ $? != 0 ] ; then\n    # print error to STDERR\n    echo \"error: The sandbox is not in sync with the Podfile.lock. Run 'pod install' or update your CocoaPods installation.\" >&2\n    exit 1\nfi\n# This output is used by Xcode 'outputs' to avoid re-running this script phase.\necho \"SUCCESS\" > \"${SCRIPT_OUTPUT_FILE_0}\"\n";
			showEnvVarsInLog = 0;
		};
/* End PBXShellScriptBuildPhase section */

/* Begin PBXSourcesBuildPhase section */
		53AB86DD2770F617006493D7 /* Sources */ = {
			isa = PBXSourcesBuildPhase;
			buildActionMask = 2147483647;
			files = (
				539AE41D27888FC0008CAC20 /* URLImage.swift in Sources */,
				53E171CA278C454600C2D41A /* RestaurantCardView.swift in Sources */,
				5398E46D2787D9C100E7437B /* SisoSocketManager.swift in Sources */,
				53AB86E72770F617006493D7 /* ContentView.swift in Sources */,
				532D191F2779B8BD003C174B /* SelectedFriend.swift in Sources */,
				53C00A8B2774D3DD00C51065 /* SelectedFilters+Enum.swift in Sources */,
				535B8AB22785505F003B4F4F /* VoteResultView.swift in Sources */,
				532D191D27798DFD003C174B /* InviteFriendRow.swift in Sources */,
				53E467AB2777717500554722 /* InviteFriendView.swift in Sources */,
				5392326F2782CD5F00746881 /* VoteView.swift in Sources */,
				5349B236278417B000A1B5BE /* CardView.swift in Sources */,
				53C42965277CC925004C6B1C /* PlaceMapView.swift in Sources */,
				53E171C0278BC78000C2D41A /* VisualEffectView.swift in Sources */,
				53AB86E52770F617006493D7 /* SiSoApp.swift in Sources */,
				53458E7F2781BE1F0064740D /* PlaceMenuRow.swift in Sources */,
				53AB86F82770FDFB006493D7 /* LoginView.swift in Sources */,
				53C00A872774ACEE00C51065 /* SelectFilterView.swift in Sources */,
				53876D5F278D2B0500697647 /* MyPageView.swift in Sources */,
				5349B2422784463400A1B5BE /* VoteEmojiOverlayView.swift in Sources */,
				536D826427737C5B00C3AAB7 /* HomeView.swift in Sources */,
				53E171C4278BFC3000C2D41A /* RangeFilterView.swift in Sources */,
				53C00A8527749B7100C51065 /* VoteSettingView.swift in Sources */,
				53458E812781CCCA0064740D /* SearchPlaceView.swift in Sources */,
				53E171C8278C412F00C2D41A /* RestaurantListView.swift in Sources */,
				53876D5A278D290700697647 /* MyPlaceRow.swift in Sources */,
				53A34EFF2773993700F48566 /* PreviousLocationRow.swift in Sources */,
				53836A41277CA0EB0069AF7D /* NaverMapView.swift in Sources */,
				53C6DDDF2780361200633AED /* ListContentView.swift in Sources */,
				539AE4202788905F008CAC20 /* WiggleAnimation.swift in Sources */,
				5349B238278417D800A1B5BE /* CardSwipeDirection.swift in Sources */,
				53E467AD27777CDE00554722 /* TextField+ClearButton.swift in Sources */,
				530D55212776F54C00AF1FD1 /* Fonts+NotoSans.swift in Sources */,
				539AE41827887DED008CAC20 /* View+ifCondition.swift in Sources */,
				53CCDB95278842DC00C335FC /* PreviewFilterView.swift in Sources */,
				53458E832781D03A0064740D /* TextField+AutoFocus+UIKit.swift in Sources */,
				53458E7C2781B4760064740D /* Place.swift in Sources */,
				53458E7A2781B15B0064740D /* PlaceDetailView.swift in Sources */,
				5349B23C2784182500A1B5BE /* CardStack.swift in Sources */,
				53AB86F62770FC41006493D7 /* LargeButton.swift in Sources */,
				5349B23A2784180100A1B5BE /* CardStackConfiguration.swift in Sources */,
				5386365A277A192500B2B3A7 /* PreviewFriendRow.swift in Sources */,
				537C3FC32771A03A00A2626D /* SimpleDialog.swift in Sources */,
				5349B23E27843C7600A1B5BE /* PlaceCardView.swift in Sources */,
				534C3E542780A1250046D1B9 /* FilterHeaderView.swift in Sources */,
			);
			runOnlyForDeploymentPostprocessing = 0;
		};
/* End PBXSourcesBuildPhase section */

/* Begin XCBuildConfiguration section */
		53AB86ED2770F618006493D7 /* Debug */ = {
			isa = XCBuildConfiguration;
			buildSettings = {
				ALWAYS_SEARCH_USER_PATHS = NO;
				CLANG_ANALYZER_NONNULL = YES;
				CLANG_ANALYZER_NUMBER_OBJECT_CONVERSION = YES_AGGRESSIVE;
				CLANG_CXX_LANGUAGE_STANDARD = "gnu++17";
				CLANG_CXX_LIBRARY = "libc++";
				CLANG_ENABLE_MODULES = YES;
				CLANG_ENABLE_OBJC_ARC = YES;
				CLANG_ENABLE_OBJC_WEAK = YES;
				CLANG_WARN_BLOCK_CAPTURE_AUTORELEASING = YES;
				CLANG_WARN_BOOL_CONVERSION = YES;
				CLANG_WARN_COMMA = YES;
				CLANG_WARN_CONSTANT_CONVERSION = YES;
				CLANG_WARN_DEPRECATED_OBJC_IMPLEMENTATIONS = YES;
				CLANG_WARN_DIRECT_OBJC_ISA_USAGE = YES_ERROR;
				CLANG_WARN_DOCUMENTATION_COMMENTS = YES;
				CLANG_WARN_EMPTY_BODY = YES;
				CLANG_WARN_ENUM_CONVERSION = YES;
				CLANG_WARN_INFINITE_RECURSION = YES;
				CLANG_WARN_INT_CONVERSION = YES;
				CLANG_WARN_NON_LITERAL_NULL_CONVERSION = YES;
				CLANG_WARN_OBJC_IMPLICIT_RETAIN_SELF = YES;
				CLANG_WARN_OBJC_LITERAL_CONVERSION = YES;
				CLANG_WARN_OBJC_ROOT_CLASS = YES_ERROR;
				CLANG_WARN_QUOTED_INCLUDE_IN_FRAMEWORK_HEADER = YES;
				CLANG_WARN_RANGE_LOOP_ANALYSIS = YES;
				CLANG_WARN_STRICT_PROTOTYPES = YES;
				CLANG_WARN_SUSPICIOUS_MOVE = YES;
				CLANG_WARN_UNGUARDED_AVAILABILITY = YES_AGGRESSIVE;
				CLANG_WARN_UNREACHABLE_CODE = YES;
				CLANG_WARN__DUPLICATE_METHOD_MATCH = YES;
				COPY_PHASE_STRIP = NO;
				DEBUG_INFORMATION_FORMAT = dwarf;
				ENABLE_STRICT_OBJC_MSGSEND = YES;
				ENABLE_TESTABILITY = YES;
				EXCLUDED_ARCHS = "";
				"EXCLUDED_ARCHS[sdk=iphonesimulator*]" = arm64;
				GCC_C_LANGUAGE_STANDARD = gnu11;
				GCC_DYNAMIC_NO_PIC = NO;
				GCC_NO_COMMON_BLOCKS = YES;
				GCC_OPTIMIZATION_LEVEL = 0;
				GCC_PREPROCESSOR_DEFINITIONS = (
					"DEBUG=1",
					"$(inherited)",
				);
				GCC_WARN_64_TO_32_BIT_CONVERSION = YES;
				GCC_WARN_ABOUT_RETURN_TYPE = YES_ERROR;
				GCC_WARN_UNDECLARED_SELECTOR = YES;
				GCC_WARN_UNINITIALIZED_AUTOS = YES_AGGRESSIVE;
				GCC_WARN_UNUSED_FUNCTION = YES;
				GCC_WARN_UNUSED_VARIABLE = YES;
				IPHONEOS_DEPLOYMENT_TARGET = 14.1;
				MTL_ENABLE_DEBUG_INFO = INCLUDE_SOURCE;
				MTL_FAST_MATH = YES;
				ONLY_ACTIVE_ARCH = YES;
				SDKROOT = iphoneos;
				SWIFT_ACTIVE_COMPILATION_CONDITIONS = DEBUG;
				SWIFT_OPTIMIZATION_LEVEL = "-Onone";
			};
			name = Debug;
		};
		53AB86EE2770F618006493D7 /* Release */ = {
			isa = XCBuildConfiguration;
			buildSettings = {
				ALWAYS_SEARCH_USER_PATHS = NO;
				CLANG_ANALYZER_NONNULL = YES;
				CLANG_ANALYZER_NUMBER_OBJECT_CONVERSION = YES_AGGRESSIVE;
				CLANG_CXX_LANGUAGE_STANDARD = "gnu++17";
				CLANG_CXX_LIBRARY = "libc++";
				CLANG_ENABLE_MODULES = YES;
				CLANG_ENABLE_OBJC_ARC = YES;
				CLANG_ENABLE_OBJC_WEAK = YES;
				CLANG_WARN_BLOCK_CAPTURE_AUTORELEASING = YES;
				CLANG_WARN_BOOL_CONVERSION = YES;
				CLANG_WARN_COMMA = YES;
				CLANG_WARN_CONSTANT_CONVERSION = YES;
				CLANG_WARN_DEPRECATED_OBJC_IMPLEMENTATIONS = YES;
				CLANG_WARN_DIRECT_OBJC_ISA_USAGE = YES_ERROR;
				CLANG_WARN_DOCUMENTATION_COMMENTS = YES;
				CLANG_WARN_EMPTY_BODY = YES;
				CLANG_WARN_ENUM_CONVERSION = YES;
				CLANG_WARN_INFINITE_RECURSION = YES;
				CLANG_WARN_INT_CONVERSION = YES;
				CLANG_WARN_NON_LITERAL_NULL_CONVERSION = YES;
				CLANG_WARN_OBJC_IMPLICIT_RETAIN_SELF = YES;
				CLANG_WARN_OBJC_LITERAL_CONVERSION = YES;
				CLANG_WARN_OBJC_ROOT_CLASS = YES_ERROR;
				CLANG_WARN_QUOTED_INCLUDE_IN_FRAMEWORK_HEADER = YES;
				CLANG_WARN_RANGE_LOOP_ANALYSIS = YES;
				CLANG_WARN_STRICT_PROTOTYPES = YES;
				CLANG_WARN_SUSPICIOUS_MOVE = YES;
				CLANG_WARN_UNGUARDED_AVAILABILITY = YES_AGGRESSIVE;
				CLANG_WARN_UNREACHABLE_CODE = YES;
				CLANG_WARN__DUPLICATE_METHOD_MATCH = YES;
				COPY_PHASE_STRIP = NO;
				DEBUG_INFORMATION_FORMAT = "dwarf-with-dsym";
				ENABLE_NS_ASSERTIONS = NO;
				ENABLE_STRICT_OBJC_MSGSEND = YES;
				EXCLUDED_ARCHS = "";
				"EXCLUDED_ARCHS[sdk=iphonesimulator*]" = arm64;
				GCC_C_LANGUAGE_STANDARD = gnu11;
				GCC_NO_COMMON_BLOCKS = YES;
				GCC_WARN_64_TO_32_BIT_CONVERSION = YES;
				GCC_WARN_ABOUT_RETURN_TYPE = YES_ERROR;
				GCC_WARN_UNDECLARED_SELECTOR = YES;
				GCC_WARN_UNINITIALIZED_AUTOS = YES_AGGRESSIVE;
				GCC_WARN_UNUSED_FUNCTION = YES;
				GCC_WARN_UNUSED_VARIABLE = YES;
				IPHONEOS_DEPLOYMENT_TARGET = 14.1;
				MTL_ENABLE_DEBUG_INFO = NO;
				MTL_FAST_MATH = YES;
				ONLY_ACTIVE_ARCH = YES;
				SDKROOT = iphoneos;
				SWIFT_COMPILATION_MODE = wholemodule;
				SWIFT_OPTIMIZATION_LEVEL = "-O";
				VALIDATE_PRODUCT = YES;
			};
			name = Release;
		};
		53AB86F02770F618006493D7 /* Debug */ = {
			isa = XCBuildConfiguration;
			baseConfigurationReference = 69E68C93467D851E88731A46 /* Pods-SiSo.debug.xcconfig */;
			buildSettings = {
				ASSETCATALOG_COMPILER_APPICON_NAME = AppIcon;
				ASSETCATALOG_COMPILER_GLOBAL_ACCENT_COLOR_NAME = AccentColor;
				ASSETCATALOG_COMPILER_INCLUDE_ALL_APPICON_ASSETS = NO;
				CODE_SIGN_STYLE = Automatic;
				CURRENT_PROJECT_VERSION = 1;
				DEVELOPMENT_ASSET_PATHS = "SiSo/Preview\\ Content";
				DEVELOPMENT_TEAM = 273WM862CP;
				ENABLE_PREVIEWS = YES;
				GENERATE_INFOPLIST_FILE = YES;
				INFOPLIST_FILE = SiSo/Info.plist;
				INFOPLIST_KEY_NSLocationAlwaysAndWhenInUseUsageDescription = "현재 위치를 표시하기 위해 사용자의 위치를 받습니다.";
				INFOPLIST_KEY_NSLocationAlwaysUsageDescription = "현재 위치를 표시하기 위해 사용자의 위치를 받습니다.";
				INFOPLIST_KEY_NSLocationWhenInUseUsageDescription = "현재 위치를 표시하기 위해 사용자의 위치를 받습니다.";
				INFOPLIST_KEY_UIApplicationSceneManifest_Generation = YES;
				INFOPLIST_KEY_UIApplicationSupportsIndirectInputEvents = YES;
				INFOPLIST_KEY_UILaunchScreen_Generation = YES;
				INFOPLIST_KEY_UISupportedInterfaceOrientations = UIInterfaceOrientationPortrait;
				INFOPLIST_KEY_UISupportedInterfaceOrientations_iPad = "UIInterfaceOrientationPortrait UIInterfaceOrientationPortraitUpsideDown UIInterfaceOrientationLandscapeLeft UIInterfaceOrientationLandscapeRight";
				INFOPLIST_KEY_UISupportedInterfaceOrientations_iPhone = "UIInterfaceOrientationPortrait UIInterfaceOrientationLandscapeLeft UIInterfaceOrientationLandscapeRight";
				INFOPLIST_KEY_UIUserInterfaceStyle = Light;
				IPHONEOS_DEPLOYMENT_TARGET = 14.1;
				LD_RUNPATH_SEARCH_PATHS = (
					"$(inherited)",
					"@executable_path/Frameworks",
				);
				MARKETING_VERSION = 1.0;
				PRODUCT_BUNDLE_IDENTIFIER = kr.playground.siso;
				PRODUCT_NAME = "$(TARGET_NAME)";
				SWIFT_EMIT_LOC_STRINGS = YES;
				SWIFT_VERSION = 5.0;
				TARGETED_DEVICE_FAMILY = 1;
			};
			name = Debug;
		};
		53AB86F12770F618006493D7 /* Release */ = {
			isa = XCBuildConfiguration;
			baseConfigurationReference = 5C2B55E4F9039825F46E241A /* Pods-SiSo.release.xcconfig */;
			buildSettings = {
				ASSETCATALOG_COMPILER_APPICON_NAME = AppIcon;
				ASSETCATALOG_COMPILER_GLOBAL_ACCENT_COLOR_NAME = AccentColor;
				ASSETCATALOG_COMPILER_INCLUDE_ALL_APPICON_ASSETS = NO;
				CODE_SIGN_STYLE = Automatic;
				CURRENT_PROJECT_VERSION = 1;
				DEVELOPMENT_ASSET_PATHS = "SiSo/Preview\\ Content";
				DEVELOPMENT_TEAM = 273WM862CP;
				ENABLE_PREVIEWS = YES;
				GENERATE_INFOPLIST_FILE = YES;
				INFOPLIST_FILE = SiSo/Info.plist;
				INFOPLIST_KEY_NSLocationAlwaysAndWhenInUseUsageDescription = "현재 위치를 표시하기 위해 사용자의 위치를 받습니다.";
				INFOPLIST_KEY_NSLocationAlwaysUsageDescription = "현재 위치를 표시하기 위해 사용자의 위치를 받습니다.";
				INFOPLIST_KEY_NSLocationWhenInUseUsageDescription = "현재 위치를 표시하기 위해 사용자의 위치를 받습니다.";
				INFOPLIST_KEY_UIApplicationSceneManifest_Generation = YES;
				INFOPLIST_KEY_UIApplicationSupportsIndirectInputEvents = YES;
				INFOPLIST_KEY_UILaunchScreen_Generation = YES;
				INFOPLIST_KEY_UISupportedInterfaceOrientations = UIInterfaceOrientationPortrait;
				INFOPLIST_KEY_UISupportedInterfaceOrientations_iPad = "UIInterfaceOrientationPortrait UIInterfaceOrientationPortraitUpsideDown UIInterfaceOrientationLandscapeLeft UIInterfaceOrientationLandscapeRight";
				INFOPLIST_KEY_UISupportedInterfaceOrientations_iPhone = "UIInterfaceOrientationPortrait UIInterfaceOrientationLandscapeLeft UIInterfaceOrientationLandscapeRight";
				INFOPLIST_KEY_UIUserInterfaceStyle = Light;
				IPHONEOS_DEPLOYMENT_TARGET = 14.1;
				LD_RUNPATH_SEARCH_PATHS = (
					"$(inherited)",
					"@executable_path/Frameworks",
				);
				MARKETING_VERSION = 1.0;
				PRODUCT_BUNDLE_IDENTIFIER = kr.playground.siso;
				PRODUCT_NAME = "$(TARGET_NAME)";
				SWIFT_EMIT_LOC_STRINGS = YES;
				SWIFT_VERSION = 5.0;
				TARGETED_DEVICE_FAMILY = 1;
			};
			name = Release;
		};
/* End XCBuildConfiguration section */

/* Begin XCConfigurationList section */
		53AB86DC2770F617006493D7 /* Build configuration list for PBXProject "SiSo" */ = {
			isa = XCConfigurationList;
			buildConfigurations = (
				53AB86ED2770F618006493D7 /* Debug */,
				53AB86EE2770F618006493D7 /* Release */,
			);
			defaultConfigurationIsVisible = 0;
			defaultConfigurationName = Release;
		};
		53AB86EF2770F618006493D7 /* Build configuration list for PBXNativeTarget "SiSo" */ = {
			isa = XCConfigurationList;
			buildConfigurations = (
				53AB86F02770F618006493D7 /* Debug */,
				53AB86F12770F618006493D7 /* Release */,
			);
			defaultConfigurationIsVisible = 0;
			defaultConfigurationName = Release;
		};
/* End XCConfigurationList section */
	};
	rootObject = 53AB86D92770F617006493D7 /* Project object */;
}
